
Microsoft Visual Studio Solution File, Format Version 12.00
# Visual Studio Version 17
VisualStudioVersion = 17.1.32210.238
MinimumVisualStudioVersion = 10.0.40219.1
Project("{FAE04EC0-301F-11D3-BF4B-00C04F79EFBC}") = "SliderControl", "SliderControl\SliderControl.csproj", "{178815F4-E6BB-45F1-8EB5-0C799B974D21}"
EndProject
Project("{FAE04EC0-301F-11D3-BF4B-00C04F79EFBC}") = "testSlider", "testSlider\testSlider.csproj", "{1178EA72-38EE-4381-9C62-F9AF9A7A65CE}"
EndProject
Global
	GlobalSection(SolutionConfigurationPlatforms) = preSolution
		Debug|Any CPU = Debug|Any CPU
		Release|Any CPU = Release|Any CPU
	EndGlobalSection
	GlobalSection(ProjectConfigurationPlatforms) = postSolution
		{178815F4-E6BB-45F1-8EB5-0C799B974D21}.Debug|Any CPU.ActiveCfg = Debug|Any CPU
		{178815F4-E6BB-45F1-8EB5-0C799B974D21}.Debug|Any CPU.Build.0 = Debug|Any CPU
		{178815F4-E6BB-45F1-8EB5-0C799B974D21}.Release|Any CPU.ActiveCfg = Release|Any CPU
		{178815F4-E6BB-45F1-8EB5-0C799B974D21}.Release|Any CPU.Build.0 = Release|Any CPU
		{1178EA72-38EE-4381-9C62-F9AF9A7A65CE}.Debug|Any CPU.ActiveCfg = Debug|Any CPU
		{1178EA72-38EE-4381-9C62-F9AF9A7A65CE}.Debug|Any CPU.Build.0 = Debug|Any CPU
		{1178EA72-38EE-4381-9C62-F9AF9A7A65CE}.Release|Any CPU.ActiveCfg = Release|Any CPU
		{1178EA72-38EE-4381-9C62-F9AF9A7A65CE}.Release|Any CPU.Build.0 = Release|Any CPU
	EndGlobalSection
	GlobalSection(SolutionProperties) = preSolution
		HideSolutionNode = FALSE
	EndGlobalSection
	GlobalSection(ExtensibilityGlobals) = postSolution
		SolutionGuid = {97FC2864-54AE-473E-AF22-1EC94A325E69}
	EndGlobalSection
EndGlobal
